
Microsoft Visual Studio Solution File, Format Version 12.00
# Visual Studio Version 16
VisualStudioVersion = 16.0.31727.386
MinimumVisualStudioVersion = 10.0.40219.1
Project("{FAE04EC0-301F-11D3-BF4B-00C04F79EFBC}") = "pizza_back_course", "pizza_back_course\pizza_back_course.csproj", "{7245C8D5-3E5E-46DD-BD3D-E139C620A7CC}"
EndProject
Global
	GlobalSection(SolutionConfigurationPlatforms) = preSolution
		Debug|Any CPU = Debug|Any CPU
		Release|Any CPU = Release|Any CPU
	EndGlobalSection
	GlobalSection(ProjectConfigurationPlatforms) = postSolution
		{7245C8D5-3E5E-46DD-BD3D-E139C620A7CC}.Debug|Any CPU.ActiveCfg = Debug|Any CPU
		{7245C8D5-3E5E-46DD-BD3D-E139C620A7CC}.Debug|Any CPU.Build.0 = Debug|Any CPU
		{7245C8D5-3E5E-46DD-BD3D-E139C620A7CC}.Release|Any CPU.ActiveCfg = Release|Any CPU
		{7245C8D5-3E5E-46DD-BD3D-E139C620A7CC}.Release|Any CPU.Build.0 = Release|Any CPU
	EndGlobalSection
	GlobalSection(SolutionProperties) = preSolution
		HideSolutionNode = FALSE
	EndGlobalSection
	GlobalSection(ExtensibilityGlobals) = postSolution
		SolutionGuid = {07B9C952-9801-4ECA-AEF1-6B550475A8BC}
	EndGlobalSection
EndGlobal
